{
  "name": "RIS_ERP",
  "lockfileVersion": 2,
  "requires": true,
  "packages": {
    "": {
      "dependencies": {
        "primeflex": "^3.1.0"
      }
    },
    "node_modules/primeflex": {
      "version": "3.1.0",
      "resolved": "https://registry.npmjs.org/primeflex/-/primeflex-3.1.0.tgz",
      "integrity": "sha512-q8QutEO59eu79nJVyMFDcpdokiCIk79Rn6Y9NwxpiIp5rxRjNCacH2N7gM+ondQjvYnuj6LLOK8dEVx1J2i7Lw=="
    }
  },
  "dependencies": {
    "primeflex": {
      "version": "3.1.0",
      "resolved": "https://registry.npmjs.org/primeflex/-/primeflex-3.1.0.tgz",
      "integrity": "sha512-q8QutEO59eu79nJVyMFDcpdokiCIk79Rn6Y9NwxpiIp5rxRjNCacH2N7gM+ondQjvYnuj6LLOK8dEVx1J2i7Lw=="
    }
  }
}
