
Microsoft Visual Studio Solution File, Format Version 12.00
# Visual Studio Version 16
VisualStudioVersion = 16.0.31829.152
MinimumVisualStudioVersion = 10.0.40219.1
Project("{E24C65DC-7377-472B-9ABA-BC803B73C61A}") = "WebApp", "WebApp\", "{DD0E2E29-4FDE-4CBB-9F97-7EF860A004F1}"
	ProjectSection(WebsiteProperties) = preProject
		TargetFrameworkMoniker = ".NETFramework,Version%3Dv4.5"
		Debug.AspNetCompiler.VirtualPath = "/localhost_57120"
		Debug.AspNetCompiler.PhysicalPath = "webApp\"
		Debug.AspNetCompiler.TargetPath = "PrecompiledWeb\localhost_57120\"
		Debug.AspNetCompiler.Updateable = "true"
		Debug.AspNetCompiler.ForceOverwrite = "true"
		Debug.AspNetCompiler.FixedNames = "false"
		Debug.AspNetCompiler.Debug = "True"
		Release.AspNetCompiler.VirtualPath = "/localhost_57120"
		Release.AspNetCompiler.PhysicalPath = "webApp\"
		Release.AspNetCompiler.TargetPath = "PrecompiledWeb\localhost_57120\"
		Release.AspNetCompiler.Updateable = "true"
		Release.AspNetCompiler.ForceOverwrite = "true"
		Release.AspNetCompiler.FixedNames = "false"
		Release.AspNetCompiler.Debug = "False"
		VWDPort = "57120"
		SlnRelativePath = "webApp\"
	EndProjectSection
EndProject
Project("{9A19103F-16F7-4668-BE54-9A1E7A4F7556}") = "Auth", "Auth\Auth.csproj", "{F61ECB0F-4FA3-4D21-BA0E-4A205F296F54}"
EndProject
Global
	GlobalSection(SolutionConfigurationPlatforms) = preSolution
		Debug|Any CPU = Debug|Any CPU
		Release|Any CPU = Release|Any CPU
	EndGlobalSection
	GlobalSection(ProjectConfigurationPlatforms) = postSolution
		{DD0E2E29-4FDE-4CBB-9F97-7EF860A004F1}.Debug|Any CPU.ActiveCfg = Debug|Any CPU
		{DD0E2E29-4FDE-4CBB-9F97-7EF860A004F1}.Debug|Any CPU.Build.0 = Debug|Any CPU
		{DD0E2E29-4FDE-4CBB-9F97-7EF860A004F1}.Release|Any CPU.ActiveCfg = Debug|Any CPU
		{DD0E2E29-4FDE-4CBB-9F97-7EF860A004F1}.Release|Any CPU.Build.0 = Debug|Any CPU
		{F61ECB0F-4FA3-4D21-BA0E-4A205F296F54}.Debug|Any CPU.ActiveCfg = Debug|Any CPU
		{F61ECB0F-4FA3-4D21-BA0E-4A205F296F54}.Debug|Any CPU.Build.0 = Debug|Any CPU
		{F61ECB0F-4FA3-4D21-BA0E-4A205F296F54}.Release|Any CPU.ActiveCfg = Release|Any CPU
		{F61ECB0F-4FA3-4D21-BA0E-4A205F296F54}.Release|Any CPU.Build.0 = Release|Any CPU
	EndGlobalSection
	GlobalSection(SolutionProperties) = preSolution
		HideSolutionNode = FALSE
	EndGlobalSection
	GlobalSection(ExtensibilityGlobals) = postSolution
		SolutionGuid = {A99D2F48-F48B-48A2-8063-5098F8980BC8}
	EndGlobalSection
EndGlobal
